
Microsoft Visual Studio Solution File, Format Version 12.00
# Visual Studio 2013
VisualStudioVersion = 12.0.31101.0
MinimumVisualStudioVersion = 10.0.40219.1
Project("{FAE04EC0-301F-11D3-BF4B-00C04F79EFBC}") = "PluginMvc", "PluginMvc\PluginMvc.csproj", "{6410CFC8-AB21-4814-8805-56237D9BB5C3}"
EndProject
Global
	GlobalSection(SolutionConfigurationPlatforms) = preSolution
		Debug|Any CPU = Debug|Any CPU
		Release|Any CPU = Release|Any CPU
	EndGlobalSection
	GlobalSection(ProjectConfigurationPlatforms) = postSolution
		{6410CFC8-AB21-4814-8805-56237D9BB5C3}.Debug|Any CPU.ActiveCfg = Debug|Any CPU
		{6410CFC8-AB21-4814-8805-56237D9BB5C3}.Debug|Any CPU.Build.0 = Debug|Any CPU
		{6410CFC8-AB21-4814-8805-56237D9BB5C3}.Release|Any CPU.ActiveCfg = Release|Any CPU
		{6410CFC8-AB21-4814-8805-56237D9BB5C3}.Release|Any CPU.Build.0 = Release|Any CPU
	EndGlobalSection
	GlobalSection(SolutionProperties) = preSolution
		HideSolutionNode = FALSE
	EndGlobalSection
EndGlobal
